
Microsoft Visual Studio Solution File, Format Version 12.00
# Visual Studio 15
VisualStudioVersion = 15.0.27130.2036
MinimumVisualStudioVersion = 10.0.40219.1
Project("{FAE04EC0-301F-11D3-BF4B-00C04F79EFBC}") = "SelfInstallingService", "SelfInstallingService\SelfInstallingService.csproj", "{B33A4AB5-7A53-4BBE-A8B0-C90F992E058A}"
EndProject
Global
	GlobalSection(SolutionConfigurationPlatforms) = preSolution
		Debug|Any CPU = Debug|Any CPU
		Release|Any CPU = Release|Any CPU
	EndGlobalSection
	GlobalSection(ProjectConfigurationPlatforms) = postSolution
		{B33A4AB5-7A53-4BBE-A8B0-C90F992E058A}.Debug|Any CPU.ActiveCfg = Debug|Any CPU
		{B33A4AB5-7A53-4BBE-A8B0-C90F992E058A}.Debug|Any CPU.Build.0 = Debug|Any CPU
		{B33A4AB5-7A53-4BBE-A8B0-C90F992E058A}.Release|Any CPU.ActiveCfg = Release|Any CPU
		{B33A4AB5-7A53-4BBE-A8B0-C90F992E058A}.Release|Any CPU.Build.0 = Release|Any CPU
	EndGlobalSection
	GlobalSection(SolutionProperties) = preSolution
		HideSolutionNode = FALSE
	EndGlobalSection
	GlobalSection(ExtensibilityGlobals) = postSolution
		SolutionGuid = {DABE9B0D-54F5-4732-AEC7-73A3FB79FD6F}
	EndGlobalSection
EndGlobal
